// !$*UTF8*$!
{
	archiveVersion = 1;
	classes = {
	};
	objectVersion = 56;
	objects = {

/* Begin PBXBuildFile section */
		E96EF4CD299E29B600C0DE75 /* AppDelegate.swift in Sources */ = {isa = PBXBuildFile; fileRef = E96EF4CC299E29B600C0DE75 /* AppDelegate.swift */; };
		E96EF4CF299E29B600C0DE75 /* SceneDelegate.swift in Sources */ = {isa = PBXBuildFile; fileRef = E96EF4CE299E29B600C0DE75 /* SceneDelegate.swift */; };
		E96EF4D1299E29B600C0DE75 /* FoxListViewController.swift in Sources */ = {isa = PBXBuildFile; fileRef = E96EF4D0299E29B600C0DE75 /* FoxListViewController.swift */; };
		E96EF4D4299E29B600C0DE75 /* Main.storyboard in Resources */ = {isa = PBXBuildFile; fileRef = E96EF4D2299E29B600C0DE75 /* Main.storyboard */; };
		E96EF4D6299E29B800C0DE75 /* Assets.xcassets in Resources */ = {isa = PBXBuildFile; fileRef = E96EF4D5299E29B800C0DE75 /* Assets.xcassets */; };
		E96EF4D9299E29B800C0DE75 /* LaunchScreen.storyboard in Resources */ = {isa = PBXBuildFile; fileRef = E96EF4D7299E29B800C0DE75 /* LaunchScreen.storyboard */; };
		E96EF4E5299E2C5500C0DE75 /* FoxListCell.xib in Resources */ = {isa = PBXBuildFile; fileRef = E96EF4E3299E2C5500C0DE75 /* FoxListCell.xib */; };
		E96EF4E6299E2C5500C0DE75 /* FoxListCell.swift in Sources */ = {isa = PBXBuildFile; fileRef = E96EF4E4299E2C5500C0DE75 /* FoxListCell.swift */; };
		E96EF4E8299E314600C0DE75 /* Fox.swift in Sources */ = {isa = PBXBuildFile; fileRef = E96EF4E7299E314600C0DE75 /* Fox.swift */; };
		E96EF4EB299E321E00C0DE75 /* ImageManager.swift in Sources */ = {isa = PBXBuildFile; fileRef = E96EF4EA299E321E00C0DE75 /* ImageManager.swift */; };
/* End PBXBuildFile section */

/* Begin PBXFileReference section */
		E96EF4C9299E29B600C0DE75 /* SwiftMultithreading.app */ = {isa = PBXFileReference; explicitFileType = wrapper.application; includeInIndex = 0; path = SwiftMultithreading.app; sourceTree = BUILT_PRODUCTS_DIR; };
		E96EF4CC299E29B600C0DE75 /* AppDelegate.swift */ = {isa = PBXFileReference; lastKnownFileType = sourcecode.swift; path = AppDelegate.swift; sourceTree = "<group>"; };
		E96EF4CE299E29B600C0DE75 /* SceneDelegate.swift */ = {isa = PBXFileReference; lastKnownFileType = sourcecode.swift; path = SceneDelegate.swift; sourceTree = "<group>"; };
		E96EF4D0299E29B600C0DE75 /* FoxListViewController.swift */ = {isa = PBXFileReference; lastKnownFileType = sourcecode.swift; path = FoxListViewController.swift; sourceTree = "<group>"; };
		E96EF4D3299E29B600C0DE75 /* Base */ = {isa = PBXFileReference; lastKnownFileType = file.storyboard; name = Base; path = Base.lproj/Main.storyboard; sourceTree = "<group>"; };
		E96EF4D5299E29B800C0DE75 /* Assets.xcassets */ = {isa = PBXFileReference; lastKnownFileType = folder.assetcatalog; path = Assets.xcassets; sourceTree = "<group>"; };
		E96EF4D8299E29B800C0DE75 /* Base */ = {isa = PBXFileReference; lastKnownFileType = file.storyboard; name = Base; path = Base.lproj/LaunchScreen.storyboard; sourceTree = "<group>"; };
		E96EF4DA299E29B800C0DE75 /* Info.plist */ = {isa = PBXFileReference; lastKnownFileType = text.plist.xml; path = Info.plist; sourceTree = "<group>"; };
		E96EF4E3299E2C5500C0DE75 /* FoxListCell.xib */ = {isa = PBXFileReference; fileEncoding = 4; lastKnownFileType = file.xib; path = FoxListCell.xib; sourceTree = "<group>"; };
		E96EF4E4299E2C5500C0DE75 /* FoxListCell.swift */ = {isa = PBXFileReference; fileEncoding = 4; lastKnownFileType = sourcecode.swift; path = FoxListCell.swift; sourceTree = "<group>"; };
		E96EF4E7299E314600C0DE75 /* Fox.swift */ = {isa = PBXFileReference; lastKnownFileType = sourcecode.swift; path = Fox.swift; sourceTree = "<group>"; };
		E96EF4EA299E321E00C0DE75 /* ImageManager.swift */ = {isa = PBXFileReference; lastKnownFileType = sourcecode.swift; path = ImageManager.swift; sourceTree = "<group>"; };
/* End PBXFileReference section */

/* Begin PBXFrameworksBuildPhase section */
		E96EF4C6299E29B600C0DE75 /* Frameworks */ = {
			isa = PBXFrameworksBuildPhase;
			buildActionMask = 2147483647;
			files = (
			);
			runOnlyForDeploymentPostprocessing = 0;
		};
/* End PBXFrameworksBuildPhase section */

/* Begin PBXGroup section */
		E96EF4C0299E29B600C0DE75 = {
			isa = PBXGroup;
			children = (
				E96EF4CB299E29B600C0DE75 /* SwiftMultithreading */,
				E96EF4CA299E29B600C0DE75 /* Products */,
			);
			sourceTree = "<group>";
		};
		E96EF4CA299E29B600C0DE75 /* Products */ = {
			isa = PBXGroup;
			children = (
				E96EF4C9299E29B600C0DE75 /* SwiftMultithreading.app */,
			);
			name = Products;
			sourceTree = "<group>";
		};
		E96EF4CB299E29B600C0DE75 /* SwiftMultithreading */ = {
			isa = PBXGroup;
			children = (
				E96EF4D0299E29B600C0DE75 /* FoxListViewController.swift */,
				E96EF4E7299E314600C0DE75 /* Fox.swift */,
				E96EF4EA299E321E00C0DE75 /* ImageManager.swift */,
				E96EF4E9299E318500C0DE75 /* Storyboards */,
				E96EF4E2299E2C5500C0DE75 /* FoxListCell */,
				E96EF4E1299E29D600C0DE75 /* Resources */,
				E96EF4E0299E29C000C0DE75 /* App */,
			);
			path = SwiftMultithreading;
			sourceTree = "<group>";
		};
		E96EF4E0299E29C000C0DE75 /* App */ = {
			isa = PBXGroup;
			children = (
				E96EF4CC299E29B600C0DE75 /* AppDelegate.swift */,
				E96EF4CE299E29B600C0DE75 /* SceneDelegate.swift */,
				E96EF4DA299E29B800C0DE75 /* Info.plist */,
			);
			path = App;
			sourceTree = "<group>";
		};
		E96EF4E1299E29D600C0DE75 /* Resources */ = {
			isa = PBXGroup;
			children = (
				E96EF4D5299E29B800C0DE75 /* Assets.xcassets */,
			);
			path = Resources;
			sourceTree = "<group>";
		};
		E96EF4E2299E2C5500C0DE75 /* FoxListCell */ = {
			isa = PBXGroup;
			children = (
				E96EF4E3299E2C5500C0DE75 /* FoxListCell.xib */,
				E96EF4E4299E2C5500C0DE75 /* FoxListCell.swift */,
			);
			path = FoxListCell;
			sourceTree = "<group>";
		};
		E96EF4E9299E318500C0DE75 /* Storyboards */ = {
			isa = PBXGroup;
			children = (
				E96EF4D2299E29B600C0DE75 /* Main.storyboard */,
				E96EF4D7299E29B800C0DE75 /* LaunchScreen.storyboard */,
			);
			path = Storyboards;
			sourceTree = "<group>";
		};
/* End PBXGroup section */

/* Begin PBXNativeTarget section */
		E96EF4C8299E29B600C0DE75 /* SwiftMultithreading */ = {
			isa = PBXNativeTarget;
			buildConfigurationList = E96EF4DD299E29B800C0DE75 /* Build configuration list for PBXNativeTarget "SwiftMultithreading" */;
			buildPhases = (
				E96EF4C5299E29B600C0DE75 /* Sources */,
				E96EF4C6299E29B600C0DE75 /* Frameworks */,
				E96EF4C7299E29B600C0DE75 /* Resources */,
			);
			buildRules = (
			);
			dependencies = (
			);
			name = SwiftMultithreading;
			productName = SwiftMultithreading;
			productReference = E96EF4C9299E29B600C0DE75 /* SwiftMultithreading.app */;
			productType = "com.apple.product-type.application";
		};
/* End PBXNativeTarget section */

/* Begin PBXProject section */
		E96EF4C1299E29B600C0DE75 /* Project object */ = {
			isa = PBXProject;
			attributes = {
				BuildIndependentTargetsInParallel = 1;
				LastSwiftUpdateCheck = 1420;
				LastUpgradeCheck = 1420;
				TargetAttributes = {
					E96EF4C8299E29B600C0DE75 = {
						CreatedOnToolsVersion = 14.2;
					};
				};
			};
			buildConfigurationList = E96EF4C4299E29B600C0DE75 /* Build configuration list for PBXProject "SwiftMultithreading" */;
			compatibilityVersion = "Xcode 14.0";
			developmentRegion = en;
			hasScannedForEncodings = 0;
			knownRegions = (
				en,
				Base,
			);
			mainGroup = E96EF4C0299E29B600C0DE75;
			productRefGroup = E96EF4CA299E29B600C0DE75 /* Products */;
			projectDirPath = "";
			projectRoot = "";
			targets = (
				E96EF4C8299E29B600C0DE75 /* SwiftMultithreading */,
			);
		};
/* End PBXProject section */

/* Begin PBXResourcesBuildPhase section */
		E96EF4C7299E29B600C0DE75 /* Resources */ = {
			isa = PBXResourcesBuildPhase;
			buildActionMask = 2147483647;
			files = (
				E96EF4D9299E29B800C0DE75 /* LaunchScreen.storyboard in Resources */,
				E96EF4D6299E29B800C0DE75 /* Assets.xcassets in Resources */,
				E96EF4E5299E2C5500C0DE75 /* FoxListCell.xib in Resources */,
				E96EF4D4299E29B600C0DE75 /* Main.storyboard in Resources */,
			);
			runOnlyForDeploymentPostprocessing = 0;
		};
/* End PBXResourcesBuildPhase section */

/* Begin PBXSourcesBuildPhase section */
		E96EF4C5299E29B600C0DE75 /* Sources */ = {
			isa = PBXSourcesBuildPhase;
			buildActionMask = 2147483647;
			files = (
				E96EF4EB299E321E00C0DE75 /* ImageManager.swift in Sources */,
				E96EF4D1299E29B600C0DE75 /* FoxListViewController.swift in Sources */,
				E96EF4CD299E29B600C0DE75 /* AppDelegate.swift in Sources */,
				E96EF4E8299E314600C0DE75 /* Fox.swift in Sources */,
				E96EF4E6299E2C5500C0DE75 /* FoxListCell.swift in Sources */,
				E96EF4CF299E29B600C0DE75 /* SceneDelegate.swift in Sources */,
			);
			runOnlyForDeploymentPostprocessing = 0;
		};
/* End PBXSourcesBuildPhase section */

/* Begin PBXVariantGroup section */
		E96EF4D2299E29B600C0DE75 /* Main.storyboard */ = {
			isa = PBXVariantGroup;
			children = (
				E96EF4D3299E29B600C0DE75 /* Base */,
			);
			name = Main.storyboard;
			sourceTree = "<group>";
		};
		E96EF4D7299E29B800C0DE75 /* LaunchScreen.storyboard */ = {
			isa = PBXVariantGroup;
			children = (
				E96EF4D8299E29B800C0DE75 /* Base */,
			);
			name = LaunchScreen.storyboard;
			sourceTree = "<group>";
		};
/* End PBXVariantGroup section */

/* Begin XCBuildConfiguration section */
		E96EF4DB299E29B800C0DE75 /* Debug */ = {
			isa = XCBuildConfiguration;
			buildSettings = {
				ALWAYS_SEARCH_USER_PATHS = NO;
				CLANG_ANALYZER_NONNULL = YES;
				CLANG_ANALYZER_NUMBER_OBJECT_CONVERSION = YES_AGGRESSIVE;
				CLANG_CXX_LANGUAGE_STANDARD = "gnu++20";
				CLANG_ENABLE_MODULES = YES;
				CLANG_ENABLE_OBJC_ARC = YES;
				CLANG_ENABLE_OBJC_WEAK = YES;
				CLANG_WARN_BLOCK_CAPTURE_AUTORELEASING = YES;
				CLANG_WARN_BOOL_CONVERSION = YES;
				CLANG_WARN_COMMA = YES;
				CLANG_WARN_CONSTANT_CONVERSION = YES;
				CLANG_WARN_DEPRECATED_OBJC_IMPLEMENTATIONS = YES;
				CLANG_WARN_DIRECT_OBJC_ISA_USAGE = YES_ERROR;
				CLANG_WARN_DOCUMENTATION_COMMENTS = YES;
				CLANG_WARN_EMPTY_BODY = YES;
				CLANG_WARN_ENUM_CONVERSION = YES;
				CLANG_WARN_INFINITE_RECURSION = YES;
				CLANG_WARN_INT_CONVERSION = YES;
				CLANG_WARN_NON_LITERAL_NULL_CONVERSION = YES;
				CLANG_WARN_OBJC_IMPLICIT_RETAIN_SELF = YES;
				CLANG_WARN_OBJC_LITERAL_CONVERSION = YES;
				CLANG_WARN_OBJC_ROOT_CLASS = YES_ERROR;
				CLANG_WARN_QUOTED_INCLUDE_IN_FRAMEWORK_HEADER = YES;
				CLANG_WARN_RANGE_LOOP_ANALYSIS = YES;
				CLANG_WARN_STRICT_PROTOTYPES = YES;
				CLANG_WARN_SUSPICIOUS_MOVE = YES;
				CLANG_WARN_UNGUARDED_AVAILABILITY = YES_AGGRESSIVE;
				CLANG_WARN_UNREACHABLE_CODE = YES;
				CLANG_WARN__DUPLICATE_METHOD_MATCH = YES;
				COPY_PHASE_STRIP = NO;
				DEBUG_INFORMATION_FORMAT = dwarf;
				ENABLE_STRICT_OBJC_MSGSEND = YES;
				ENABLE_TESTABILITY = YES;
				GCC_C_LANGUAGE_STANDARD = gnu11;
				GCC_DYNAMIC_NO_PIC = NO;
				GCC_NO_COMMON_BLOCKS = YES;
				GCC_OPTIMIZATION_LEVEL = 0;
				GCC_PREPROCESSOR_DEFINITIONS = (
					"DEBUG=1",
					"$(inherited)",
				);
				GCC_WARN_64_TO_32_BIT_CONVERSION = YES;
				GCC_WARN_ABOUT_RETURN_TYPE = YES_ERROR;
				GCC_WARN_UNDECLARED_SELECTOR = YES;
				GCC_WARN_UNINITIALIZED_AUTOS = YES_AGGRESSIVE;
				GCC_WARN_UNUSED_FUNCTION = YES;
				GCC_WARN_UNUSED_VARIABLE = YES;
				IPHONEOS_DEPLOYMENT_TARGET = 16.2;
				MTL_ENABLE_DEBUG_INFO = INCLUDE_SOURCE;
				MTL_FAST_MATH = YES;
				ONLY_ACTIVE_ARCH = YES;
				SDKROOT = iphoneos;
				SWIFT_ACTIVE_COMPILATION_CONDITIONS = DEBUG;
				SWIFT_OPTIMIZATION_LEVEL = "-Onone";
			};
			name = Debug;
		};
		E96EF4DC299E29B800C0DE75 /* Release */ = {
			isa = XCBuildConfiguration;
			buildSettings = {
				ALWAYS_SEARCH_USER_PATHS = NO;
				CLANG_ANALYZER_NONNULL = YES;
				CLANG_ANALYZER_NUMBER_OBJECT_CONVERSION = YES_AGGRESSIVE;
				CLANG_CXX_LANGUAGE_STANDARD = "gnu++20";
				CLANG_ENABLE_MODULES = YES;
				CLANG_ENABLE_OBJC_ARC = YES;
				CLANG_ENABLE_OBJC_WEAK = YES;
				CLANG_WARN_BLOCK_CAPTURE_AUTORELEASING = YES;
				CLANG_WARN_BOOL_CONVERSION = YES;
				CLANG_WARN_COMMA = YES;
				CLANG_WARN_CONSTANT_CONVERSION = YES;
				CLANG_WARN_DEPRECATED_OBJC_IMPLEMENTATIONS = YES;
				CLANG_WARN_DIRECT_OBJC_ISA_USAGE = YES_ERROR;
				CLANG_WARN_DOCUMENTATION_COMMENTS = YES;
				CLANG_WARN_EMPTY_BODY = YES;
				CLANG_WARN_ENUM_CONVERSION = YES;
				CLANG_WARN_INFINITE_RECURSION = YES;
				CLANG_WARN_INT_CONVERSION = YES;
				CLANG_WARN_NON_LITERAL_NULL_CONVERSION = YES;
				CLANG_WARN_OBJC_IMPLICIT_RETAIN_SELF = YES;
				CLANG_WARN_OBJC_LITERAL_CONVERSION = YES;
				CLANG_WARN_OBJC_ROOT_CLASS = YES_ERROR;
				CLANG_WARN_QUOTED_INCLUDE_IN_FRAMEWORK_HEADER = YES;
				CLANG_WARN_RANGE_LOOP_ANALYSIS = YES;
				CLANG_WARN_STRICT_PROTOTYPES = YES;
				CLANG_WARN_SUSPICIOUS_MOVE = YES;
				CLANG_WARN_UNGUARDED_AVAILABILITY = YES_AGGRESSIVE;
				CLANG_WARN_UNREACHABLE_CODE = YES;
				CLANG_WARN__DUPLICATE_METHOD_MATCH = YES;
				COPY_PHASE_STRIP = NO;
				DEBUG_INFORMATION_FORMAT = "dwarf-with-dsym";
				ENABLE_NS_ASSERTIONS = NO;
				ENABLE_STRICT_OBJC_MSGSEND = YES;
				GCC_C_LANGUAGE_STANDARD = gnu11;
				GCC_NO_COMMON_BLOCKS = YES;
				GCC_WARN_64_TO_32_BIT_CONVERSION = YES;
				GCC_WARN_ABOUT_RETURN_TYPE = YES_ERROR;
				GCC_WARN_UNDECLARED_SELECTOR = YES;
				GCC_WARN_UNINITIALIZED_AUTOS = YES_AGGRESSIVE;
				GCC_WARN_UNUSED_FUNCTION = YES;
				GCC_WARN_UNUSED_VARIABLE = YES;
				IPHONEOS_DEPLOYMENT_TARGET = 16.2;
				MTL_ENABLE_DEBUG_INFO = NO;
				MTL_FAST_MATH = YES;
				SDKROOT = iphoneos;
				SWIFT_COMPILATION_MODE = wholemodule;
				SWIFT_OPTIMIZATION_LEVEL = "-O";
				VALIDATE_PRODUCT = YES;
			};
			name = Release;
		};
		E96EF4DE299E29B800C0DE75 /* Debug */ = {
			isa = XCBuildConfiguration;
			buildSettings = {
				ASSETCATALOG_COMPILER_APPICON_NAME = AppIcon;
				ASSETCATALOG_COMPILER_GLOBAL_ACCENT_COLOR_NAME = AccentColor;
				CODE_SIGN_STYLE = Automatic;
				CURRENT_PROJECT_VERSION = 1;
				GENERATE_INFOPLIST_FILE = YES;
				INFOPLIST_FILE = SwiftMultithreading/App/Info.plist;
				INFOPLIST_KEY_UIApplicationSupportsIndirectInputEvents = YES;
				INFOPLIST_KEY_UILaunchStoryboardName = LaunchScreen;
				INFOPLIST_KEY_UIMainStoryboardFile = Main;
				INFOPLIST_KEY_UISupportedInterfaceOrientations_iPad = "UIInterfaceOrientationPortrait UIInterfaceOrientationPortraitUpsideDown UIInterfaceOrientationLandscapeLeft UIInterfaceOrientationLandscapeRight";
				INFOPLIST_KEY_UISupportedInterfaceOrientations_iPhone = "UIInterfaceOrientationPortrait UIInterfaceOrientationLandscapeLeft UIInterfaceOrientationLandscapeRight";
				LD_RUNPATH_SEARCH_PATHS = (
					"$(inherited)",
					"@executable_path/Frameworks",
				);
				MARKETING_VERSION = 1.0;
				PRODUCT_BUNDLE_IDENTIFIER = upaffy.SwiftMultithreading;
				PRODUCT_NAME = "$(TARGET_NAME)";
				SWIFT_EMIT_LOC_STRINGS = YES;
				SWIFT_VERSION = 5.0;
				TARGETED_DEVICE_FAMILY = "1,2";
			};
			name = Debug;
		};
		E96EF4DF299E29B800C0DE75 /* Release */ = {
			isa = XCBuildConfiguration;
			buildSettings = {
				ASSETCATALOG_COMPILER_APPICON_NAME = AppIcon;
				ASSETCATALOG_COMPILER_GLOBAL_ACCENT_COLOR_NAME = AccentColor;
				CODE_SIGN_STYLE = Automatic;
				CURRENT_PROJECT_VERSION = 1;
				GENERATE_INFOPLIST_FILE = YES;
				INFOPLIST_FILE = SwiftMultithreading/App/Info.plist;
				INFOPLIST_KEY_UIApplicationSupportsIndirectInputEvents = YES;
				INFOPLIST_KEY_UILaunchStoryboardName = LaunchScreen;
				INFOPLIST_KEY_UIMainStoryboardFile = Main;
				INFOPLIST_KEY_UISupportedInterfaceOrientations_iPad = "UIInterfaceOrientationPortrait UIInterfaceOrientationPortraitUpsideDown UIInterfaceOrientationLandscapeLeft UIInterfaceOrientationLandscapeRight";
				INFOPLIST_KEY_UISupportedInterfaceOrientations_iPhone = "UIInterfaceOrientationPortrait UIInterfaceOrientationLandscapeLeft UIInterfaceOrientationLandscapeRight";
				LD_RUNPATH_SEARCH_PATHS = (
					"$(inherited)",
					"@executable_path/Frameworks",
				);
				MARKETING_VERSION = 1.0;
				PRODUCT_BUNDLE_IDENTIFIER = upaffy.SwiftMultithreading;
				PRODUCT_NAME = "$(TARGET_NAME)";
				SWIFT_EMIT_LOC_STRINGS = YES;
				SWIFT_VERSION = 5.0;
				TARGETED_DEVICE_FAMILY = "1,2";
			};
			name = Release;
		};
/* End XCBuildConfiguration section */

/* Begin XCConfigurationList section */
		E96EF4C4299E29B600C0DE75 /* Build configuration list for PBXProject "SwiftMultithreading" */ = {
			isa = XCConfigurationList;
			buildConfigurations = (
				E96EF4DB299E29B800C0DE75 /* Debug */,
				E96EF4DC299E29B800C0DE75 /* Release */,
			);
			defaultConfigurationIsVisible = 0;
			defaultConfigurationName = Release;
		};
		E96EF4DD299E29B800C0DE75 /* Build configuration list for PBXNativeTarget "SwiftMultithreading" */ = {
			isa = XCConfigurationList;
			buildConfigurations = (
				E96EF4DE299E29B800C0DE75 /* Debug */,
				E96EF4DF299E29B800C0DE75 /* Release */,
			);
			defaultConfigurationIsVisible = 0;
			defaultConfigurationName = Release;
		};
/* End XCConfigurationList section */
	};
	rootObject = E96EF4C1299E29B600C0DE75 /* Project object */;
}
